<?xml version="1.0" encoding="utf-8"?>
<Project ToolsVersion="4.0" xmlns="http://schemas.microsoft.com/developer/msbuild/2003">
  <ItemGroup>
    <Filter Include="源文件">
      <UniqueIdentifier>{4FC737F1-C7A5-4376-A066-2A32D752A2FF}</UniqueIdentifier>
      <Extensions>cpp;c;cc;cxx;def;odl;idl;hpj;bat;asm;asmx</Extensions>
    </Filter>
    <Filter Include="头文件">
      <UniqueIdentifier>{93995380-89BD-4b04-88EB-625FBE52EBFB}</UniqueIdentifier>
      <Extensions>h;hpp;hxx;hm;inl;inc;xsd</Extensions>
    </Filter>
    <Filter Include="资源文件">
      <UniqueIdentifier>{67DA6AB6-F800-4c08-8B7A-83BB121AAD01}</UniqueIdentifier>
      <Extensions>rc;ico;cur;bmp;dlg;rc2;rct;bin;rgs;gif;jpg;jpeg;jpe;resx;tiff;tif;png;wav</Extensions>
    </Filter>
    <Filter Include="Logic">
      <UniqueIdentifier>{d7d0f827-912b-4ddc-91ed-5e26cec3dc35}</UniqueIdentifier>
    </Filter>
    <Filter Include="GUI">
      <UniqueIdentifier>{a0491501-ffb2-42f5-9065-43693a92d64d}</UniqueIdentifier>
    </Filter>
  </ItemGroup>
  <ItemGroup>
    <ClCompile Include="ProSpy.cpp">
      <Filter>源文件</Filter>
    </ClCompile>
    <ClCompile Include="stdafx.cpp">
      <Filter>源文件</Filter>
    </ClCompile>
    <ClCompile Include="ProjectFile.cpp">
      <Filter>Logic</Filter>
    </ClCompile>
    <ClCompile Include="RunThread.cpp">
      <Filter>Logic</Filter>
    </ClCompile>
    <ClCompile Include="Utility.cpp">
      <Filter>Logic</Filter>
    </ClCompile>
    <ClCompile Include="EnumProcDlg.cpp">
      <Filter>GUI</Filter>
    </ClCompile>
    <ClCompile Include="ProSpyDlg.cpp">
      <Filter>GUI</Filter>
    </ClCompile>
    <ClCompile Include="RecordEditDlg.cpp">
      <Filter>GUI</Filter>
    </ClCompile>
    <ClCompile Include="RunTimeDlg.cpp">
      <Filter>GUI</Filter>
    </ClCompile>
    <ClCompile Include="KeyEditDlg.cpp">
      <Filter>GUI</Filter>
    </ClCompile>
    <ClCompile Include="MouseEditDlg.cpp">
      <Filter>GUI</Filter>
    </ClCompile>
    <ClCompile Include="LimitEdit.cpp">
      <Filter>GUI</Filter>
    </ClCompile>
    <ClCompile Include="RemarkDlg.cpp">
      <Filter>GUI</Filter>
    </ClCompile>
    <ClCompile Include="CPUCalculator.cpp">
      <Filter>源文件</Filter>
    </ClCompile>
    <ClCompile Include="RegEdit.cpp">
      <Filter>Logic</Filter>
    </ClCompile>
  </ItemGroup>
  <ItemGroup>
    <ClInclude Include="ProSpy.h">
      <Filter>头文件</Filter>
    </ClInclude>
    <ClInclude Include="Resource.h">
      <Filter>头文件</Filter>
    </ClInclude>
    <ClInclude Include="stdafx.h">
      <Filter>头文件</Filter>
    </ClInclude>
    <ClInclude Include="Define.h">
      <Filter>Logic</Filter>
    </ClInclude>
    <ClInclude Include="ProjectFile.h">
      <Filter>Logic</Filter>
    </ClInclude>
    <ClInclude Include="RunThread.h">
      <Filter>Logic</Filter>
    </ClInclude>
    <ClInclude Include="Utility.h">
      <Filter>Logic</Filter>
    </ClInclude>
    <ClInclude Include="EnumProcDlg.h">
      <Filter>GUI</Filter>
    </ClInclude>
    <ClInclude Include="ProSpyDlg.h">
      <Filter>GUI</Filter>
    </ClInclude>
    <ClInclude Include="RecordEditDlg.h">
      <Filter>GUI</Filter>
    </ClInclude>
    <ClInclude Include="RunTimeDlg.h">
      <Filter>GUI</Filter>
    </ClInclude>
    <ClInclude Include="KeyEditDlg.h">
      <Filter>GUI</Filter>
    </ClInclude>
    <ClInclude Include="MouseEditDlg.h">
      <Filter>GUI</Filter>
    </ClInclude>
    <ClInclude Include="LimitEdit.h">
      <Filter>GUI</Filter>
    </ClInclude>
    <ClInclude Include="RemarkDlg.h">
      <Filter>GUI</Filter>
    </ClInclude>
    <ClInclude Include="CPUCalculator.h">
      <Filter>头文件</Filter>
    </ClInclude>
    <ClInclude Include="RegEdit.h">
      <Filter>Logic</Filter>
    </ClInclude>
  </ItemGroup>
  <ItemGroup>
    <Image Include="res\icon1.ico">
      <Filter>资源文件</Filter>
    </Image>
    <Image Include="res\ProSpy.ico">
      <Filter>资源文件</Filter>
    </Image>
  </ItemGroup>
  <ItemGroup>
    <ResourceCompile Include="ProSpy.rc">
      <Filter>资源文件</Filter>
    </ResourceCompile>
  </ItemGroup>
  <ItemGroup>
    <None Include="res\ProSpy.rc2">
      <Filter>资源文件</Filter>
    </None>
    <None Include="res\capture.cur">
      <Filter>资源文件</Filter>
    </None>
  </ItemGroup>
</Project>